// !$*UTF8*$!
{
	archiveVersion = 1;
	classes = {
	};
	objectVersion = 46;
	objects = {

/* Begin PBXBuildFile section */
		2454493619C5A1C1006850BD /* AppDelegate.swift in Sources */ = {isa = PBXBuildFile; fileRef = 2454493519C5A1C1006850BD /* AppDelegate.swift */; };
		2454493819C5A1C1006850BD /* ViewController.swift in Sources */ = {isa = PBXBuildFile; fileRef = 2454493719C5A1C1006850BD /* ViewController.swift */; };
		2454493B19C5A1C1006850BD /* Main.storyboard in Resources */ = {isa = PBXBuildFile; fileRef = 2454493919C5A1C1006850BD /* Main.storyboard */; };
		2454493D19C5A1C1006850BD /* Images.xcassets in Resources */ = {isa = PBXBuildFile; fileRef = 2454493C19C5A1C1006850BD /* Images.xcassets */; };
		2454494019C5A1C1006850BD /* LaunchScreen.xib in Resources */ = {isa = PBXBuildFile; fileRef = 2454493E19C5A1C1006850BD /* LaunchScreen.xib */; };
		2454494C19C5A1C1006850BD /* functionPracticeTests.swift in Sources */ = {isa = PBXBuildFile; fileRef = 2454494B19C5A1C1006850BD /* functionPracticeTests.swift */; };
		2454495719C5A26F006850BD /* calcCircle.swift in Sources */ = {isa = PBXBuildFile; fileRef = 2454495619C5A26F006850BD /* calcCircle.swift */; };
/* End PBXBuildFile section */

/* Begin PBXContainerItemProxy section */
		2454494619C5A1C1006850BD /* PBXContainerItemProxy */ = {
			isa = PBXContainerItemProxy;
			containerPortal = 2454492819C5A1C1006850BD /* Project object */;
			proxyType = 1;
			remoteGlobalIDString = 2454492F19C5A1C1006850BD;
			remoteInfo = functionPractice;
		};
/* End PBXContainerItemProxy section */

/* Begin PBXFileReference section */
		2454493019C5A1C1006850BD /* functionPractice.app */ = {isa = PBXFileReference; explicitFileType = wrapper.application; includeInIndex = 0; path = functionPractice.app; sourceTree = BUILT_PRODUCTS_DIR; };
		2454493419C5A1C1006850BD /* Info.plist */ = {isa = PBXFileReference; lastKnownFileType = text.plist.xml; path = Info.plist; sourceTree = "<group>"; };
		2454493519C5A1C1006850BD /* AppDelegate.swift */ = {isa = PBXFileReference; lastKnownFileType = sourcecode.swift; path = AppDelegate.swift; sourceTree = "<group>"; };
		2454493719C5A1C1006850BD /* ViewController.swift */ = {isa = PBXFileReference; lastKnownFileType = sourcecode.swift; path = ViewController.swift; sourceTree = "<group>"; };
		2454493A19C5A1C1006850BD /* Base */ = {isa = PBXFileReference; lastKnownFileType = file.storyboard; name = Base; path = Base.lproj/Main.storyboard; sourceTree = "<group>"; };
		2454493C19C5A1C1006850BD /* Images.xcassets */ = {isa = PBXFileReference; lastKnownFileType = folder.assetcatalog; path = Images.xcassets; sourceTree = "<group>"; };
		2454493F19C5A1C1006850BD /* Base */ = {isa = PBXFileReference; lastKnownFileType = file.xib; name = Base; path = Base.lproj/LaunchScreen.xib; sourceTree = "<group>"; };
		2454494519C5A1C1006850BD /* functionPracticeTests.xctest */ = {isa = PBXFileReference; explicitFileType = wrapper.cfbundle; includeInIndex = 0; path = functionPracticeTests.xctest; sourceTree = BUILT_PRODUCTS_DIR; };
		2454494A19C5A1C1006850BD /* Info.plist */ = {isa = PBXFileReference; lastKnownFileType = text.plist.xml; path = Info.plist; sourceTree = "<group>"; };
		2454494B19C5A1C1006850BD /* functionPracticeTests.swift */ = {isa = PBXFileReference; lastKnownFileType = sourcecode.swift; path = functionPracticeTests.swift; sourceTree = "<group>"; };
		2454495619C5A26F006850BD /* calcCircle.swift */ = {isa = PBXFileReference; fileEncoding = 4; lastKnownFileType = sourcecode.swift; path = calcCircle.swift; sourceTree = "<group>"; };
/* End PBXFileReference section */

/* Begin PBXFrameworksBuildPhase section */
		2454492D19C5A1C1006850BD /* Frameworks */ = {
			isa = PBXFrameworksBuildPhase;
			buildActionMask = 2147483647;
			files = (
			);
			runOnlyForDeploymentPostprocessing = 0;
		};
		2454494219C5A1C1006850BD /* Frameworks */ = {
			isa = PBXFrameworksBuildPhase;
			buildActionMask = 2147483647;
			files = (
			);
			runOnlyForDeploymentPostprocessing = 0;
		};
/* End PBXFrameworksBuildPhase section */

/* Begin PBXGroup section */
		2454492719C5A1C1006850BD = {
			isa = PBXGroup;
			children = (
				2454493219C5A1C1006850BD /* functionPractice */,
				2454494819C5A1C1006850BD /* functionPracticeTests */,
				2454493119C5A1C1006850BD /* Products */,
			);
			sourceTree = "<group>";
		};
		2454493119C5A1C1006850BD /* Products */ = {
			isa = PBXGroup;
			children = (
				2454493019C5A1C1006850BD /* functionPractice.app */,
				2454494519C5A1C1006850BD /* functionPracticeTests.xctest */,
			);
			name = Products;
			sourceTree = "<group>";
		};
		2454493219C5A1C1006850BD /* functionPractice */ = {
			isa = PBXGroup;
			children = (
				2454495519C5A260006850BD /* Classes */,
				2454493519C5A1C1006850BD /* AppDelegate.swift */,
				2454493719C5A1C1006850BD /* ViewController.swift */,
				2454493919C5A1C1006850BD /* Main.storyboard */,
				2454493C19C5A1C1006850BD /* Images.xcassets */,
				2454493E19C5A1C1006850BD /* LaunchScreen.xib */,
				2454493319C5A1C1006850BD /* Supporting Files */,
			);
			path = functionPractice;
			sourceTree = "<group>";
		};
		2454493319C5A1C1006850BD /* Supporting Files */ = {
			isa = PBXGroup;
			children = (
				2454493419C5A1C1006850BD /* Info.plist */,
			);
			name = "Supporting Files";
			sourceTree = "<group>";
		};
		2454494819C5A1C1006850BD /* functionPracticeTests */ = {
			isa = PBXGroup;
			children = (
				2454494B19C5A1C1006850BD /* functionPracticeTests.swift */,
				2454494919C5A1C1006850BD /* Supporting Files */,
			);
			path = functionPracticeTests;
			sourceTree = "<group>";
		};
		2454494919C5A1C1006850BD /* Supporting Files */ = {
			isa = PBXGroup;
			children = (
				2454494A19C5A1C1006850BD /* Info.plist */,
			);
			name = "Supporting Files";
			sourceTree = "<group>";
		};
		2454495519C5A260006850BD /* Classes */ = {
			isa = PBXGroup;
			children = (
				2454495619C5A26F006850BD /* calcCircle.swift */,
			);
			path = Classes;
			sourceTree = "<group>";
		};
/* End PBXGroup section */

/* Begin PBXNativeTarget section */
		2454492F19C5A1C1006850BD /* functionPractice */ = {
			isa = PBXNativeTarget;
			buildConfigurationList = 2454494F19C5A1C1006850BD /* Build configuration list for PBXNativeTarget "functionPractice" */;
			buildPhases = (
				2454492C19C5A1C1006850BD /* Sources */,
				2454492D19C5A1C1006850BD /* Frameworks */,
				2454492E19C5A1C1006850BD /* Resources */,
			);
			buildRules = (
			);
			dependencies = (
			);
			name = functionPractice;
			productName = functionPractice;
			productReference = 2454493019C5A1C1006850BD /* functionPractice.app */;
			productType = "com.apple.product-type.application";
		};
		2454494419C5A1C1006850BD /* functionPracticeTests */ = {
			isa = PBXNativeTarget;
			buildConfigurationList = 2454495219C5A1C1006850BD /* Build configuration list for PBXNativeTarget "functionPracticeTests" */;
			buildPhases = (
				2454494119C5A1C1006850BD /* Sources */,
				2454494219C5A1C1006850BD /* Frameworks */,
				2454494319C5A1C1006850BD /* Resources */,
			);
			buildRules = (
			);
			dependencies = (
				2454494719C5A1C1006850BD /* PBXTargetDependency */,
			);
			name = functionPracticeTests;
			productName = functionPracticeTests;
			productReference = 2454494519C5A1C1006850BD /* functionPracticeTests.xctest */;
			productType = "com.apple.product-type.bundle.unit-test";
		};
/* End PBXNativeTarget section */

/* Begin PBXProject section */
		2454492819C5A1C1006850BD /* Project object */ = {
			isa = PBXProject;
			attributes = {
				LastUpgradeCheck = 0600;
				TargetAttributes = {
					2454492F19C5A1C1006850BD = {
						CreatedOnToolsVersion = 6.0;
					};
					2454494419C5A1C1006850BD = {
						CreatedOnToolsVersion = 6.0;
						TestTargetID = 2454492F19C5A1C1006850BD;
					};
				};
			};
			buildConfigurationList = 2454492B19C5A1C1006850BD /* Build configuration list for PBXProject "functionPractice" */;
			compatibilityVersion = "Xcode 3.2";
			developmentRegion = English;
			hasScannedForEncodings = 0;
			knownRegions = (
				en,
				Base,
			);
			mainGroup = 2454492719C5A1C1006850BD;
			productRefGroup = 2454493119C5A1C1006850BD /* Products */;
			projectDirPath = "";
			projectRoot = "";
			targets = (
				2454492F19C5A1C1006850BD /* functionPractice */,
				2454494419C5A1C1006850BD /* functionPracticeTests */,
			);
		};
/* End PBXProject section */

/* Begin PBXResourcesBuildPhase section */
		2454492E19C5A1C1006850BD /* Resources */ = {
			isa = PBXResourcesBuildPhase;
			buildActionMask = 2147483647;
			files = (
				2454493B19C5A1C1006850BD /* Main.storyboard in Resources */,
				2454494019C5A1C1006850BD /* LaunchScreen.xib in Resources */,
				2454493D19C5A1C1006850BD /* Images.xcassets in Resources */,
			);
			runOnlyForDeploymentPostprocessing = 0;
		};
		2454494319C5A1C1006850BD /* Resources */ = {
			isa = PBXResourcesBuildPhase;
			buildActionMask = 2147483647;
			files = (
			);
			runOnlyForDeploymentPostprocessing = 0;
		};
/* End PBXResourcesBuildPhase section */

/* Begin PBXSourcesBuildPhase section */
		2454492C19C5A1C1006850BD /* Sources */ = {
			isa = PBXSourcesBuildPhase;
			buildActionMask = 2147483647;
			files = (
				2454495719C5A26F006850BD /* calcCircle.swift in Sources */,
				2454493819C5A1C1006850BD /* ViewController.swift in Sources */,
				2454493619C5A1C1006850BD /* AppDelegate.swift in Sources */,
			);
			runOnlyForDeploymentPostprocessing = 0;
		};
		2454494119C5A1C1006850BD /* Sources */ = {
			isa = PBXSourcesBuildPhase;
			buildActionMask = 2147483647;
			files = (
				2454494C19C5A1C1006850BD /* functionPracticeTests.swift in Sources */,
			);
			runOnlyForDeploymentPostprocessing = 0;
		};
/* End PBXSourcesBuildPhase section */

/* Begin PBXTargetDependency section */
		2454494719C5A1C1006850BD /* PBXTargetDependency */ = {
			isa = PBXTargetDependency;
			target = 2454492F19C5A1C1006850BD /* functionPractice */;
			targetProxy = 2454494619C5A1C1006850BD /* PBXContainerItemProxy */;
		};
/* End PBXTargetDependency section */

/* Begin PBXVariantGroup section */
		2454493919C5A1C1006850BD /* Main.storyboard */ = {
			isa = PBXVariantGroup;
			children = (
				2454493A19C5A1C1006850BD /* Base */,
			);
			name = Main.storyboard;
			sourceTree = "<group>";
		};
		2454493E19C5A1C1006850BD /* LaunchScreen.xib */ = {
			isa = PBXVariantGroup;
			children = (
				2454493F19C5A1C1006850BD /* Base */,
			);
			name = LaunchScreen.xib;
			sourceTree = "<group>";
		};
/* End PBXVariantGroup section */

/* Begin XCBuildConfiguration section */
		2454494D19C5A1C1006850BD /* Debug */ = {
			isa = XCBuildConfiguration;
			buildSettings = {
				ALWAYS_SEARCH_USER_PATHS = NO;
				CLANG_CXX_LANGUAGE_STANDARD = "gnu++0x";
				CLANG_CXX_LIBRARY = "libc++";
				CLANG_ENABLE_MODULES = YES;
				CLANG_ENABLE_OBJC_ARC = YES;
				CLANG_WARN_BOOL_CONVERSION = YES;
				CLANG_WARN_CONSTANT_CONVERSION = YES;
				CLANG_WARN_DIRECT_OBJC_ISA_USAGE = YES_ERROR;
				CLANG_WARN_EMPTY_BODY = YES;
				CLANG_WARN_ENUM_CONVERSION = YES;
				CLANG_WARN_INT_CONVERSION = YES;
				CLANG_WARN_OBJC_ROOT_CLASS = YES_ERROR;
				CLANG_WARN_UNREACHABLE_CODE = YES;
				CLANG_WARN__DUPLICATE_METHOD_MATCH = YES;
				"CODE_SIGN_IDENTITY[sdk=iphoneos*]" = "iPhone Developer";
				COPY_PHASE_STRIP = NO;
				ENABLE_STRICT_OBJC_MSGSEND = YES;
				GCC_C_LANGUAGE_STANDARD = gnu99;
				GCC_DYNAMIC_NO_PIC = NO;
				GCC_OPTIMIZATION_LEVEL = 0;
				GCC_PREPROCESSOR_DEFINITIONS = (
					"DEBUG=1",
					"$(inherited)",
				);
				GCC_SYMBOLS_PRIVATE_EXTERN = NO;
				GCC_WARN_64_TO_32_BIT_CONVERSION = YES;
				GCC_WARN_ABOUT_RETURN_TYPE = YES_ERROR;
				GCC_WARN_UNDECLARED_SELECTOR = YES;
				GCC_WARN_UNINITIALIZED_AUTOS = YES_AGGRESSIVE;
				GCC_WARN_UNUSED_FUNCTION = YES;
				GCC_WARN_UNUSED_VARIABLE = YES;
				IPHONEOS_DEPLOYMENT_TARGET = 8.0;
				MTL_ENABLE_DEBUG_INFO = YES;
				ONLY_ACTIVE_ARCH = YES;
				SDKROOT = iphoneos;
				SWIFT_OPTIMIZATION_LEVEL = "-Onone";
			};
			name = Debug;
		};
		2454494E19C5A1C1006850BD /* Release */ = {
			isa = XCBuildConfiguration;
			buildSettings = {
				ALWAYS_SEARCH_USER_PATHS = NO;
				CLANG_CXX_LANGUAGE_STANDARD = "gnu++0x";
				CLANG_CXX_LIBRARY = "libc++";
				CLANG_ENABLE_MODULES = YES;
				CLANG_ENABLE_OBJC_ARC = YES;
				CLANG_WARN_BOOL_CONVERSION = YES;
				CLANG_WARN_CONSTANT_CONVERSION = YES;
				CLANG_WARN_DIRECT_OBJC_ISA_USAGE = YES_ERROR;
				CLANG_WARN_EMPTY_BODY = YES;
				CLANG_WARN_ENUM_CONVERSION = YES;
				CLANG_WARN_INT_CONVERSION = YES;
				CLANG_WARN_OBJC_ROOT_CLASS = YES_ERROR;
				CLANG_WARN_UNREACHABLE_CODE = YES;
				CLANG_WARN__DUPLICATE_METHOD_MATCH = YES;
				"CODE_SIGN_IDENTITY[sdk=iphoneos*]" = "iPhone Developer";
				COPY_PHASE_STRIP = YES;
				ENABLE_NS_ASSERTIONS = NO;
				ENABLE_STRICT_OBJC_MSGSEND = YES;
				GCC_C_LANGUAGE_STANDARD = gnu99;
				GCC_WARN_64_TO_32_BIT_CONVERSION = YES;
				GCC_WARN_ABOUT_RETURN_TYPE = YES_ERROR;
				GCC_WARN_UNDECLARED_SELECTOR = YES;
				GCC_WARN_UNINITIALIZED_AUTOS = YES_AGGRESSIVE;
				GCC_WARN_UNUSED_FUNCTION = YES;
				GCC_WARN_UNUSED_VARIABLE = YES;
				IPHONEOS_DEPLOYMENT_TARGET = 8.0;
				MTL_ENABLE_DEBUG_INFO = NO;
				SDKROOT = iphoneos;
				VALIDATE_PRODUCT = YES;
			};
			name = Release;
		};
		2454495019C5A1C1006850BD /* Debug */ = {
			isa = XCBuildConfiguration;
			buildSettings = {
				ASSETCATALOG_COMPILER_APPICON_NAME = AppIcon;
				INFOPLIST_FILE = functionPractice/Info.plist;
				LD_RUNPATH_SEARCH_PATHS = "$(inherited) @executable_path/Frameworks";
				PRODUCT_NAME = "$(TARGET_NAME)";
			};
			name = Debug;
		};
		2454495119C5A1C1006850BD /* Release */ = {
			isa = XCBuildConfiguration;
			buildSettings = {
				ASSETCATALOG_COMPILER_APPICON_NAME = AppIcon;
				INFOPLIST_FILE = functionPractice/Info.plist;
				LD_RUNPATH_SEARCH_PATHS = "$(inherited) @executable_path/Frameworks";
				PRODUCT_NAME = "$(TARGET_NAME)";
			};
			name = Release;
		};
		2454495319C5A1C1006850BD /* Debug */ = {
			isa = XCBuildConfiguration;
			buildSettings = {
				BUNDLE_LOADER = "$(TEST_HOST)";
				FRAMEWORK_SEARCH_PATHS = (
					"$(SDKROOT)/Developer/Library/Frameworks",
					"$(inherited)",
				);
				GCC_PREPROCESSOR_DEFINITIONS = (
					"DEBUG=1",
					"$(inherited)",
				);
				INFOPLIST_FILE = functionPracticeTests/Info.plist;
				LD_RUNPATH_SEARCH_PATHS = "$(inherited) @executable_path/Frameworks @loader_path/Frameworks";
				PRODUCT_NAME = "$(TARGET_NAME)";
				TEST_HOST = "$(BUILT_PRODUCTS_DIR)/functionPractice.app/functionPractice";
			};
			name = Debug;
		};
		2454495419C5A1C1006850BD /* Release */ = {
			isa = XCBuildConfiguration;
			buildSettings = {
				BUNDLE_LOADER = "$(TEST_HOST)";
				FRAMEWORK_SEARCH_PATHS = (
					"$(SDKROOT)/Developer/Library/Frameworks",
					"$(inherited)",
				);
				INFOPLIST_FILE = functionPracticeTests/Info.plist;
				LD_RUNPATH_SEARCH_PATHS = "$(inherited) @executable_path/Frameworks @loader_path/Frameworks";
				PRODUCT_NAME = "$(TARGET_NAME)";
				TEST_HOST = "$(BUILT_PRODUCTS_DIR)/functionPractice.app/functionPractice";
			};
			name = Release;
		};
/* End XCBuildConfiguration section */

/* Begin XCConfigurationList section */
		2454492B19C5A1C1006850BD /* Build configuration list for PBXProject "functionPractice" */ = {
			isa = XCConfigurationList;
			buildConfigurations = (
				2454494D19C5A1C1006850BD /* Debug */,
				2454494E19C5A1C1006850BD /* Release */,
			);
			defaultConfigurationIsVisible = 0;
			defaultConfigurationName = Release;
		};
		2454494F19C5A1C1006850BD /* Build configuration list for PBXNativeTarget "functionPractice" */ = {
			isa = XCConfigurationList;
			buildConfigurations = (
				2454495019C5A1C1006850BD /* Debug */,
				2454495119C5A1C1006850BD /* Release */,
			);
			defaultConfigurationIsVisible = 0;
		};
		2454495219C5A1C1006850BD /* Build configuration list for PBXNativeTarget "functionPracticeTests" */ = {
			isa = XCConfigurationList;
			buildConfigurations = (
				2454495319C5A1C1006850BD /* Debug */,
				2454495419C5A1C1006850BD /* Release */,
			);
			defaultConfigurationIsVisible = 0;
		};
/* End XCConfigurationList section */
	};
	rootObject = 2454492819C5A1C1006850BD /* Project object */;
}
